// !$*UTF8*$!
{
	archiveVersion = 1;
	classes = {
	};
	objectVersion = 51;
	objects = {

/* Begin PBXBuildFile section */
		08DFBD11F26A1351068918C6 /* SettingViewController.swift in Sources */ = {isa = PBXBuildFile; fileRef = E23FF2BB5EC00800B03D4093 /* SettingViewController.swift */; };
		19917EE873E2456C112400BD /* Logout.swift in Sources */ = {isa = PBXBuildFile; fileRef = BD54FA613EFA3BD200EC3260 /* Logout.swift */; };
		27A9D64977B36BEB19B92446 /* LaunchScreen.storyboard in Resources */ = {isa = PBXBuildFile; fileRef = 561CD9C6C6861E97953D5082 /* LaunchScreen.storyboard */; };
		2A92CCD89BBE7484E1D6C232 /* UpdateViewController.swift in Sources */ = {isa = PBXBuildFile; fileRef = 1BEF0C82A5A1AA6F37AD0548 /* UpdateViewController.swift */; };
		364D9EAE198A23C1D41A3CDA /* CreateIssue.swift in Sources */ = {isa = PBXBuildFile; fileRef = 88E07BC9B32E9BDEBDAC442E /* CreateIssue.swift */; };
		3B541A4F0E1965697A6B7966 /* LeftMenuTableViewCell.swift in Sources */ = {isa = PBXBuildFile; fileRef = 68507C37F8A20848F16CFCDC /* LeftMenuTableViewCell.swift */; };
		3C28E9AB7BD488F0A3AA8925 /* Issues.swift in Sources */ = {isa = PBXBuildFile; fileRef = DD87A7574D96681E16246800 /* Issues.swift */; };
		3EBF857DB6EEDCD6ECF00D58 /* SlideMenuController.swift in Sources */ = {isa = PBXBuildFile; fileRef = 73BDF3687D06C40BCB8EDD91 /* SlideMenuController.swift */; };
		56152CA060BF217FB67D38E4 /* LoginViewController.swift in Sources */ = {isa = PBXBuildFile; fileRef = 9449ACCB883E45E0FD6DF7D9 /* LoginViewController.swift */; };
		5834C6DB273C77193D4C4445 /* Constrant.swift in Sources */ = {isa = PBXBuildFile; fileRef = 5ECBFA1AD3CCD084F78814FF /* Constrant.swift */; };
		62C3FD86469A6FD4546ED3FF /* LoadImage.swift in Sources */ = {isa = PBXBuildFile; fileRef = 9413036EBA19125A5DB3C40E /* LoadImage.swift */; };
		A78AD5324084405F01C0D51E /* ListIssueTableViewCell.xib in Resources */ = {isa = PBXBuildFile; fileRef = 4A261736D99674CF75638388 /* ListIssueTableViewCell.xib */; };
		AA9CC86223D4E848A6BA8ADD /* DetailIssueViewController.swift in Sources */ = {isa = PBXBuildFile; fileRef = D75FE7784A1CAFFB7376694F /* DetailIssueViewController.swift */; };
		ADCE13E8F3329E26662FC227 /* Profile.swift in Sources */ = {isa = PBXBuildFile; fileRef = 48E96C3CE84A47E95967770C /* Profile.swift */; };
		AEEE2AD03A79B5C3FC086916 /* RegisterViewController.swift in Sources */ = {isa = PBXBuildFile; fileRef = 86C846DCA9792AA66EAF7ED3 /* RegisterViewController.swift */; };
		B3F8BC93FB4268B604662D93 /* ResponseLogin.swift in Sources */ = {isa = PBXBuildFile; fileRef = 801C1DDCB9D27AE10EE80791 /* ResponseLogin.swift */; };
		BACCE024E4FE2A424ABE49AB /* SceneDelegate.swift in Sources */ = {isa = PBXBuildFile; fileRef = 18EB3E575116AB9A97AF14E7 /* SceneDelegate.swift */; };
		BE8BB32043934C6DCFD4C421 /* LeftMenuViewController.swift in Sources */ = {isa = PBXBuildFile; fileRef = 6F05EE6A8C5D08107126E467 /* LeftMenuViewController.swift */; };
		C054A7D8E3B5C34321B7F646 /* ListIssueTableViewCell.swift in Sources */ = {isa = PBXBuildFile; fileRef = 966401E0C3F4A85C2963A6E0 /* ListIssueTableViewCell.swift */; };
		D1E6A15CC3BD5A1D8154E004 /* AppDelegate.swift in Sources */ = {isa = PBXBuildFile; fileRef = 08BEF889086AF815393F3922 /* AppDelegate.swift */; };
		D907ED60AB57F921F24034D2 /* Service.swift in Sources */ = {isa = PBXBuildFile; fileRef = 415F8C63BDF5093EF5C8B3BB /* Service.swift */; };
		DACEB0A27C6489337FF89E40 /* Main.storyboard in Resources */ = {isa = PBXBuildFile; fileRef = 80D607A1FB1DC04AB284FD8D /* Main.storyboard */; };
		DEE1A84C4FD388EF33F27DD4 /* LeftMenuTableViewCell.xib in Resources */ = {isa = PBXBuildFile; fileRef = B22C583163ABE29948346F72 /* LeftMenuTableViewCell.xib */; };
		E2E7BA1111DB829DEB2522A5 /* ListIssueViewController.swift in Sources */ = {isa = PBXBuildFile; fileRef = 86739228131BB54E6A56C82E /* ListIssueViewController.swift */; };
		E6A065256846743FE0927CC0 /* ReportViewController.swift in Sources */ = {isa = PBXBuildFile; fileRef = 096A3D03E61BE28CFEE07C89 /* ReportViewController.swift */; };
		E748693A38684FE412671157 /* Assets.xcassets in Resources */ = {isa = PBXBuildFile; fileRef = 8648E4C966208475BB3BB24A /* Assets.xcassets */; };
		FC0CC18788BAAB755FA3188A /* DataLeftMenu.swift in Sources */ = {isa = PBXBuildFile; fileRef = AB8980CDF6DF41A1FA35123B /* DataLeftMenu.swift */; };
/* End PBXBuildFile section */

/* Begin PBXFileReference section */
		08BEF889086AF815393F3922 /* AppDelegate.swift */ = {isa = PBXFileReference; lastKnownFileType = sourcecode.swift; path = AppDelegate.swift; sourceTree = "<group>"; };
		096A3D03E61BE28CFEE07C89 /* ReportViewController.swift */ = {isa = PBXFileReference; lastKnownFileType = sourcecode.swift; path = ReportViewController.swift; sourceTree = "<group>"; };
		18EB3E575116AB9A97AF14E7 /* SceneDelegate.swift */ = {isa = PBXFileReference; lastKnownFileType = sourcecode.swift; path = SceneDelegate.swift; sourceTree = "<group>"; };
		1BEF0C82A5A1AA6F37AD0548 /* UpdateViewController.swift */ = {isa = PBXFileReference; lastKnownFileType = sourcecode.swift; path = UpdateViewController.swift; sourceTree = "<group>"; };
		415F8C63BDF5093EF5C8B3BB /* Service.swift */ = {isa = PBXFileReference; lastKnownFileType = sourcecode.swift; path = Service.swift; sourceTree = "<group>"; };
		475AE85A2C81546C6DD3B389 /* Base */ = {isa = PBXFileReference; lastKnownFileType = file.storyboard; name = Base; path = Base.lproj/Main.storyboard; sourceTree = "<group>"; };
		48E96C3CE84A47E95967770C /* Profile.swift */ = {isa = PBXFileReference; lastKnownFileType = sourcecode.swift; path = Profile.swift; sourceTree = "<group>"; };
		4A261736D99674CF75638388 /* ListIssueTableViewCell.xib */ = {isa = PBXFileReference; lastKnownFileType = file.xib; path = ListIssueTableViewCell.xib; sourceTree = "<group>"; };
		5ECBFA1AD3CCD084F78814FF /* Constrant.swift */ = {isa = PBXFileReference; lastKnownFileType = sourcecode.swift; path = Constrant.swift; sourceTree = "<group>"; };
		68507C37F8A20848F16CFCDC /* LeftMenuTableViewCell.swift */ = {isa = PBXFileReference; lastKnownFileType = sourcecode.swift; path = LeftMenuTableViewCell.swift; sourceTree = "<group>"; };
		6F05EE6A8C5D08107126E467 /* LeftMenuViewController.swift */ = {isa = PBXFileReference; lastKnownFileType = sourcecode.swift; path = LeftMenuViewController.swift; sourceTree = "<group>"; };
		73BDF3687D06C40BCB8EDD91 /* SlideMenuController.swift */ = {isa = PBXFileReference; lastKnownFileType = sourcecode.swift; path = SlideMenuController.swift; sourceTree = "<group>"; };
		801C1DDCB9D27AE10EE80791 /* ResponseLogin.swift */ = {isa = PBXFileReference; lastKnownFileType = sourcecode.swift; path = ResponseLogin.swift; sourceTree = "<group>"; };
		84B2C48A219299ACC5DDAB94 /* Info.plist */ = {isa = PBXFileReference; lastKnownFileType = text.plist; path = Info.plist; sourceTree = "<group>"; };
		8648E4C966208475BB3BB24A /* Assets.xcassets */ = {isa = PBXFileReference; lastKnownFileType = folder.assetcatalog; path = Assets.xcassets; sourceTree = "<group>"; };
		86739228131BB54E6A56C82E /* ListIssueViewController.swift */ = {isa = PBXFileReference; lastKnownFileType = sourcecode.swift; path = ListIssueViewController.swift; sourceTree = "<group>"; };
		86C846DCA9792AA66EAF7ED3 /* RegisterViewController.swift */ = {isa = PBXFileReference; lastKnownFileType = sourcecode.swift; path = RegisterViewController.swift; sourceTree = "<group>"; };
		88E07BC9B32E9BDEBDAC442E /* CreateIssue.swift */ = {isa = PBXFileReference; lastKnownFileType = sourcecode.swift; path = CreateIssue.swift; sourceTree = "<group>"; };
		9413036EBA19125A5DB3C40E /* LoadImage.swift */ = {isa = PBXFileReference; lastKnownFileType = sourcecode.swift; path = LoadImage.swift; sourceTree = "<group>"; };
		9449ACCB883E45E0FD6DF7D9 /* LoginViewController.swift */ = {isa = PBXFileReference; lastKnownFileType = sourcecode.swift; path = LoginViewController.swift; sourceTree = "<group>"; };
		966401E0C3F4A85C2963A6E0 /* ListIssueTableViewCell.swift */ = {isa = PBXFileReference; lastKnownFileType = sourcecode.swift; path = ListIssueTableViewCell.swift; sourceTree = "<group>"; };
		9B516477CE249F2FACFEB365 /* HomeWork3.app */ = {isa = PBXFileReference; includeInIndex = 0; lastKnownFileType = wrapper.application; path = HomeWork3.app; sourceTree = BUILT_PRODUCTS_DIR; };
		AB8980CDF6DF41A1FA35123B /* DataLeftMenu.swift */ = {isa = PBXFileReference; lastKnownFileType = sourcecode.swift; path = DataLeftMenu.swift; sourceTree = "<group>"; };
		B22C583163ABE29948346F72 /* LeftMenuTableViewCell.xib */ = {isa = PBXFileReference; lastKnownFileType = file.xib; path = LeftMenuTableViewCell.xib; sourceTree = "<group>"; };
		BD54FA613EFA3BD200EC3260 /* Logout.swift */ = {isa = PBXFileReference; lastKnownFileType = sourcecode.swift; path = Logout.swift; sourceTree = "<group>"; };
		D078F3EEDA13868778E78C6C /* Base */ = {isa = PBXFileReference; lastKnownFileType = file.storyboard; name = Base; path = Base.lproj/LaunchScreen.storyboard; sourceTree = "<group>"; };
		D75FE7784A1CAFFB7376694F /* DetailIssueViewController.swift */ = {isa = PBXFileReference; lastKnownFileType = sourcecode.swift; path = DetailIssueViewController.swift; sourceTree = "<group>"; };
		DD87A7574D96681E16246800 /* Issues.swift */ = {isa = PBXFileReference; lastKnownFileType = sourcecode.swift; path = Issues.swift; sourceTree = "<group>"; };
		E23FF2BB5EC00800B03D4093 /* SettingViewController.swift */ = {isa = PBXFileReference; lastKnownFileType = sourcecode.swift; path = SettingViewController.swift; sourceTree = "<group>"; };
/* End PBXFileReference section */

/* Begin PBXGroup section */
		2B777EECA4C698FA6FA4D14A /* Products */ = {
			isa = PBXGroup;
			children = (
				9B516477CE249F2FACFEB365 /* HomeWork3.app */,
			);
			name = Products;
			sourceTree = "<group>";
		};
		4B2466F0D5B79C418CE1A86A /* Cells */ = {
			isa = PBXGroup;
			children = (
				68507C37F8A20848F16CFCDC /* LeftMenuTableViewCell.swift */,
				B22C583163ABE29948346F72 /* LeftMenuTableViewCell.xib */,
				966401E0C3F4A85C2963A6E0 /* ListIssueTableViewCell.swift */,
				4A261736D99674CF75638388 /* ListIssueTableViewCell.xib */,
			);
			path = Cells;
			sourceTree = "<group>";
		};
		4F90BEEF49F44D05FAB1BB6E /* Model */ = {
			isa = PBXGroup;
			children = (
				88E07BC9B32E9BDEBDAC442E /* CreateIssue.swift */,
				AB8980CDF6DF41A1FA35123B /* DataLeftMenu.swift */,
				DD87A7574D96681E16246800 /* Issues.swift */,
				48E96C3CE84A47E95967770C /* Profile.swift */,
				801C1DDCB9D27AE10EE80791 /* ResponseLogin.swift */,
			);
			path = Model;
			sourceTree = "<group>";
		};
		5DCA03E917062E8C01D46779 /* Service */ = {
			isa = PBXGroup;
			children = (
				9413036EBA19125A5DB3C40E /* LoadImage.swift */,
				415F8C63BDF5093EF5C8B3BB /* Service.swift */,
			);
			path = Service;
			sourceTree = "<group>";
		};
		BC5B3D944C6D8595F0976456 = {
			isa = PBXGroup;
			children = (
				F99F582C871E6E42C92597D6 /* HomeWork3 */,
				2B777EECA4C698FA6FA4D14A /* Products */,
			);
			indentWidth = 2;
			sourceTree = "<group>";
			tabWidth = 2;
		};
		BD759CDC21BB5B1DD86AAE37 /* libraries */ = {
			isa = PBXGroup;
			children = (
				73BDF3687D06C40BCB8EDD91 /* SlideMenuController.swift */,
			);
			path = libraries;
			sourceTree = "<group>";
		};
		C998246CCDFB83C2AB70E532 /* Helper */ = {
			isa = PBXGroup;
			children = (
				5ECBFA1AD3CCD084F78814FF /* Constrant.swift */,
				BD54FA613EFA3BD200EC3260 /* Logout.swift */,
			);
			path = Helper;
			sourceTree = "<group>";
		};
		EE21D3492EDD8B4FBDCD4AA6 /* Controller */ = {
			isa = PBXGroup;
			children = (
				D75FE7784A1CAFFB7376694F /* DetailIssueViewController.swift */,
				6F05EE6A8C5D08107126E467 /* LeftMenuViewController.swift */,
				86739228131BB54E6A56C82E /* ListIssueViewController.swift */,
				9449ACCB883E45E0FD6DF7D9 /* LoginViewController.swift */,
				86C846DCA9792AA66EAF7ED3 /* RegisterViewController.swift */,
				096A3D03E61BE28CFEE07C89 /* ReportViewController.swift */,
				E23FF2BB5EC00800B03D4093 /* SettingViewController.swift */,
				1BEF0C82A5A1AA6F37AD0548 /* UpdateViewController.swift */,
			);
			path = Controller;
			sourceTree = "<group>";
		};
		F99F582C871E6E42C92597D6 /* HomeWork3 */ = {
			isa = PBXGroup;
			children = (
				08BEF889086AF815393F3922 /* AppDelegate.swift */,
				8648E4C966208475BB3BB24A /* Assets.xcassets */,
				84B2C48A219299ACC5DDAB94 /* Info.plist */,
				561CD9C6C6861E97953D5082 /* LaunchScreen.storyboard */,
				80D607A1FB1DC04AB284FD8D /* Main.storyboard */,
				18EB3E575116AB9A97AF14E7 /* SceneDelegate.swift */,
				4B2466F0D5B79C418CE1A86A /* Cells */,
				EE21D3492EDD8B4FBDCD4AA6 /* Controller */,
				C998246CCDFB83C2AB70E532 /* Helper */,
				BD759CDC21BB5B1DD86AAE37 /* libraries */,
				4F90BEEF49F44D05FAB1BB6E /* Model */,
				5DCA03E917062E8C01D46779 /* Service */,
			);
			path = HomeWork3;
			sourceTree = "<group>";
		};
/* End PBXGroup section */

/* Begin PBXNativeTarget section */
		C50ABDF2DE004812A62203E7 /* HomeWork3 */ = {
			isa = PBXNativeTarget;
			buildConfigurationList = 4AE5B74B39C918CB02C93A3A /* Build configuration list for PBXNativeTarget "HomeWork3" */;
			buildPhases = (
				2D47ED4CA4F4FA52A6DE9EAF /* Sources */,
				ED9521F060DCB9525E1B2E95 /* Resources */,
			);
			buildRules = (
			);
			dependencies = (
			);
			name = HomeWork3;
			productName = HomeWork3;
			productReference = 9B516477CE249F2FACFEB365 /* HomeWork3.app */;
			productType = "com.apple.product-type.application";
		};
/* End PBXNativeTarget section */

/* Begin PBXProject section */
		FF6A91087EC3545A1D6F7939 /* Project object */ = {
			isa = PBXProject;
			attributes = {
				LastUpgradeCheck = 1020;
				TargetAttributes = {
				};
			};
			buildConfigurationList = 9D8BD66D27E5453ABD749C71 /* Build configuration list for PBXProject "HomeWork3" */;
			compatibilityVersion = "Xcode 10.0";
			developmentRegion = en;
			hasScannedForEncodings = 0;
			knownRegions = (
				Base,
			);
			mainGroup = BC5B3D944C6D8595F0976456;
			projectDirPath = "";
			projectRoot = "";
			targets = (
				C50ABDF2DE004812A62203E7 /* HomeWork3 */,
			);
		};
/* End PBXProject section */

/* Begin PBXResourcesBuildPhase section */
		ED9521F060DCB9525E1B2E95 /* Resources */ = {
			isa = PBXResourcesBuildPhase;
			buildActionMask = 2147483647;
			files = (
				E748693A38684FE412671157 /* Assets.xcassets in Resources */,
				27A9D64977B36BEB19B92446 /* LaunchScreen.storyboard in Resources */,
				DEE1A84C4FD388EF33F27DD4 /* LeftMenuTableViewCell.xib in Resources */,
				A78AD5324084405F01C0D51E /* ListIssueTableViewCell.xib in Resources */,
				DACEB0A27C6489337FF89E40 /* Main.storyboard in Resources */,
			);
			runOnlyForDeploymentPostprocessing = 0;
		};
/* End PBXResourcesBuildPhase section */

/* Begin PBXSourcesBuildPhase section */
		2D47ED4CA4F4FA52A6DE9EAF /* Sources */ = {
			isa = PBXSourcesBuildPhase;
			buildActionMask = 2147483647;
			files = (
				D1E6A15CC3BD5A1D8154E004 /* AppDelegate.swift in Sources */,
				5834C6DB273C77193D4C4445 /* Constrant.swift in Sources */,
				364D9EAE198A23C1D41A3CDA /* CreateIssue.swift in Sources */,
				FC0CC18788BAAB755FA3188A /* DataLeftMenu.swift in Sources */,
				AA9CC86223D4E848A6BA8ADD /* DetailIssueViewController.swift in Sources */,
				3C28E9AB7BD488F0A3AA8925 /* Issues.swift in Sources */,
				3B541A4F0E1965697A6B7966 /* LeftMenuTableViewCell.swift in Sources */,
				BE8BB32043934C6DCFD4C421 /* LeftMenuViewController.swift in Sources */,
				C054A7D8E3B5C34321B7F646 /* ListIssueTableViewCell.swift in Sources */,
				E2E7BA1111DB829DEB2522A5 /* ListIssueViewController.swift in Sources */,
				62C3FD86469A6FD4546ED3FF /* LoadImage.swift in Sources */,
				56152CA060BF217FB67D38E4 /* LoginViewController.swift in Sources */,
				19917EE873E2456C112400BD /* Logout.swift in Sources */,
				ADCE13E8F3329E26662FC227 /* Profile.swift in Sources */,
				AEEE2AD03A79B5C3FC086916 /* RegisterViewController.swift in Sources */,
				E6A065256846743FE0927CC0 /* ReportViewController.swift in Sources */,
				B3F8BC93FB4268B604662D93 /* ResponseLogin.swift in Sources */,
				BACCE024E4FE2A424ABE49AB /* SceneDelegate.swift in Sources */,
				D907ED60AB57F921F24034D2 /* Service.swift in Sources */,
				08DFBD11F26A1351068918C6 /* SettingViewController.swift in Sources */,
				3EBF857DB6EEDCD6ECF00D58 /* SlideMenuController.swift in Sources */,
				2A92CCD89BBE7484E1D6C232 /* UpdateViewController.swift in Sources */,
			);
			runOnlyForDeploymentPostprocessing = 0;
		};
/* End PBXSourcesBuildPhase section */

/* Begin PBXVariantGroup section */
		561CD9C6C6861E97953D5082 /* LaunchScreen.storyboard */ = {
			isa = PBXVariantGroup;
			children = (
				D078F3EEDA13868778E78C6C /* Base */,
			);
			name = LaunchScreen.storyboard;
			sourceTree = "<group>";
		};
		80D607A1FB1DC04AB284FD8D /* Main.storyboard */ = {
			isa = PBXVariantGroup;
			children = (
				475AE85A2C81546C6DD3B389 /* Base */,
			);
			name = Main.storyboard;
			sourceTree = "<group>";
		};
/* End PBXVariantGroup section */

/* Begin XCBuildConfiguration section */
		1B1081D985693EE7BC5D9822 /* Debug */ = {
			isa = XCBuildConfiguration;
			buildSettings = {
				ALWAYS_SEARCH_USER_PATHS = NO;
				CLANG_ANALYZER_NONNULL = YES;
				CLANG_ANALYZER_NUMBER_OBJECT_CONVERSION = YES_AGGRESSIVE;
				CLANG_CXX_LANGUAGE_STANDARD = "gnu++14";
				CLANG_CXX_LIBRARY = "libc++";
				CLANG_ENABLE_MODULES = YES;
				CLANG_ENABLE_OBJC_ARC = YES;
				CLANG_WARN_BLOCK_CAPTURE_AUTORELEASING = YES;
				CLANG_WARN_BOOL_CONVERSION = YES;
				CLANG_WARN_COMMA = YES;
				CLANG_WARN_CONSTANT_CONVERSION = YES;
				CLANG_WARN_DEPRECATED_OBJC_IMPLEMENTATIONS = YES;
				CLANG_WARN_DIRECT_OBJC_ISA_USAGE = YES_ERROR;
				CLANG_WARN_DOCUMENTATION_COMMENTS = YES;
				CLANG_WARN_EMPTY_BODY = YES;
				CLANG_WARN_ENUM_CONVERSION = YES;
				CLANG_WARN_INFINITE_RECURSION = YES;
				CLANG_WARN_INT_CONVERSION = YES;
				CLANG_WARN_NON_LITERAL_NULL_CONVERSION = YES;
				CLANG_WARN_OBJC_IMPLICIT_RETAIN_SELF = YES;
				CLANG_WARN_OBJC_LITERAL_CONVERSION = YES;
				CLANG_WARN_OBJC_ROOT_CLASS = YES_ERROR;
				CLANG_WARN_RANGE_LOOP_ANALYSIS = YES;
				CLANG_WARN_STRICT_PROTOTYPES = YES;
				CLANG_WARN_SUSPICIOUS_MOVE = YES;
				CLANG_WARN_UNGUARDED_AVAILABILITY = YES_AGGRESSIVE;
				CLANG_WARN_UNREACHABLE_CODE = YES;
				CLANG_WARN__DUPLICATE_METHOD_MATCH = YES;
				COPY_PHASE_STRIP = NO;
				DEBUG_INFORMATION_FORMAT = dwarf;
				ENABLE_STRICT_OBJC_MSGSEND = YES;
				ENABLE_TESTABILITY = YES;
				GCC_C_LANGUAGE_STANDARD = gnu11;
				GCC_DYNAMIC_NO_PIC = NO;
				GCC_NO_COMMON_BLOCKS = YES;
				GCC_OPTIMIZATION_LEVEL = 0;
				GCC_PREPROCESSOR_DEFINITIONS = (
					"$(inherited)",
					"DEBUG=1",
				);
				GCC_WARN_64_TO_32_BIT_CONVERSION = YES;
				GCC_WARN_ABOUT_RETURN_TYPE = YES_ERROR;
				GCC_WARN_UNDECLARED_SELECTOR = YES;
				GCC_WARN_UNINITIALIZED_AUTOS = YES_AGGRESSIVE;
				GCC_WARN_UNUSED_FUNCTION = YES;
				GCC_WARN_UNUSED_VARIABLE = YES;
				MTL_ENABLE_DEBUG_INFO = YES;
				ONLY_ACTIVE_ARCH = YES;
				PRODUCT_NAME = "$(TARGET_NAME)";
				SDKROOT = iphoneos;
				SWIFT_ACTIVE_COMPILATION_CONDITIONS = DEBUG;
				SWIFT_OPTIMIZATION_LEVEL = "-Onone";
				SWIFT_VERSION = 5.0;
			};
			name = Debug;
		};
		6346979BDF9BB19F0B53E266 /* Release */ = {
			isa = XCBuildConfiguration;
			buildSettings = {
				ALWAYS_SEARCH_USER_PATHS = NO;
				CLANG_ANALYZER_NONNULL = YES;
				CLANG_ANALYZER_NUMBER_OBJECT_CONVERSION = YES_AGGRESSIVE;
				CLANG_CXX_LANGUAGE_STANDARD = "gnu++14";
				CLANG_CXX_LIBRARY = "libc++";
				CLANG_ENABLE_MODULES = YES;
				CLANG_ENABLE_OBJC_ARC = YES;
				CLANG_WARN_BLOCK_CAPTURE_AUTORELEASING = YES;
				CLANG_WARN_BOOL_CONVERSION = YES;
				CLANG_WARN_COMMA = YES;
				CLANG_WARN_CONSTANT_CONVERSION = YES;
				CLANG_WARN_DEPRECATED_OBJC_IMPLEMENTATIONS = YES;
				CLANG_WARN_DIRECT_OBJC_ISA_USAGE = YES_ERROR;
				CLANG_WARN_DOCUMENTATION_COMMENTS = YES;
				CLANG_WARN_EMPTY_BODY = YES;
				CLANG_WARN_ENUM_CONVERSION = YES;
				CLANG_WARN_INFINITE_RECURSION = YES;
				CLANG_WARN_INT_CONVERSION = YES;
				CLANG_WARN_NON_LITERAL_NULL_CONVERSION = YES;
				CLANG_WARN_OBJC_IMPLICIT_RETAIN_SELF = YES;
				CLANG_WARN_OBJC_LITERAL_CONVERSION = YES;
				CLANG_WARN_OBJC_ROOT_CLASS = YES_ERROR;
				CLANG_WARN_RANGE_LOOP_ANALYSIS = YES;
				CLANG_WARN_STRICT_PROTOTYPES = YES;
				CLANG_WARN_SUSPICIOUS_MOVE = YES;
				CLANG_WARN_UNGUARDED_AVAILABILITY = YES_AGGRESSIVE;
				CLANG_WARN_UNREACHABLE_CODE = YES;
				CLANG_WARN__DUPLICATE_METHOD_MATCH = YES;
				COPY_PHASE_STRIP = NO;
				DEBUG_INFORMATION_FORMAT = "dwarf-with-dsym";
				ENABLE_NS_ASSERTIONS = NO;
				ENABLE_STRICT_OBJC_MSGSEND = YES;
				GCC_C_LANGUAGE_STANDARD = gnu11;
				GCC_NO_COMMON_BLOCKS = YES;
				GCC_WARN_64_TO_32_BIT_CONVERSION = YES;
				GCC_WARN_ABOUT_RETURN_TYPE = YES_ERROR;
				GCC_WARN_UNDECLARED_SELECTOR = YES;
				GCC_WARN_UNINITIALIZED_AUTOS = YES_AGGRESSIVE;
				GCC_WARN_UNUSED_FUNCTION = YES;
				GCC_WARN_UNUSED_VARIABLE = YES;
				PRODUCT_NAME = "$(TARGET_NAME)";
				SDKROOT = iphoneos;
				SWIFT_COMPILATION_MODE = wholemodule;
				SWIFT_VERSION = 5.0;
				VALIDATE_PRODUCT = YES;
			};
			name = Release;
		};
		AC8D3C903C56487B9A50CDBA /* Release */ = {
			isa = XCBuildConfiguration;
			buildSettings = {
				ASSETCATALOG_COMPILER_APPICON_NAME = AppIcon;
				CODE_SIGN_IDENTITY = "iPhone Developer";
				INFOPLIST_FILE = HomeWork3/Info.plist;
				IPHONEOS_DEPLOYMENT_TARGET = 13.1;
				LD_RUNPATH_SEARCH_PATHS = (
					"$(inherited)",
					"@executable_path/Frameworks",
				);
				PRODUCT_BUNDLE_IDENTIFIER = de.number42.HomeWork3;
				SDKROOT = iphoneos;
				TARGETED_DEVICE_FAMILY = "1,2";
			};
			name = Release;
		};
		B43D92A44E5CB6CCE4CF1F05 /* Debug */ = {
			isa = XCBuildConfiguration;
			buildSettings = {
				ASSETCATALOG_COMPILER_APPICON_NAME = AppIcon;
				CODE_SIGN_IDENTITY = "iPhone Developer";
				INFOPLIST_FILE = HomeWork3/Info.plist;
				IPHONEOS_DEPLOYMENT_TARGET = 13.1;
				LD_RUNPATH_SEARCH_PATHS = (
					"$(inherited)",
					"@executable_path/Frameworks",
				);
				PRODUCT_BUNDLE_IDENTIFIER = de.number42.HomeWork3;
				SDKROOT = iphoneos;
				TARGETED_DEVICE_FAMILY = "1,2";
			};
			name = Debug;
		};
/* End XCBuildConfiguration section */

/* Begin XCConfigurationList section */
		4AE5B74B39C918CB02C93A3A /* Build configuration list for PBXNativeTarget "HomeWork3" */ = {
			isa = XCConfigurationList;
			buildConfigurations = (
				B43D92A44E5CB6CCE4CF1F05 /* Debug */,
				AC8D3C903C56487B9A50CDBA /* Release */,
			);
			defaultConfigurationIsVisible = 0;
			defaultConfigurationName = Debug;
		};
		9D8BD66D27E5453ABD749C71 /* Build configuration list for PBXProject "HomeWork3" */ = {
			isa = XCConfigurationList;
			buildConfigurations = (
				1B1081D985693EE7BC5D9822 /* Debug */,
				6346979BDF9BB19F0B53E266 /* Release */,
			);
			defaultConfigurationIsVisible = 0;
			defaultConfigurationName = Debug;
		};
/* End XCConfigurationList section */
	};
	rootObject = FF6A91087EC3545A1D6F7939 /* Project object */;
}
